
Microsoft Visual Studio Solution File, Format Version 12.00
# Visual Studio Version 17
VisualStudioVersion = 17.0.31903.59
MinimumVisualStudioVersion = 10.0.40219.1
Project("{FAE04EC0-301F-11D3-BF4B-00C04F79EFBC}") = "Leb.Core", "Leb.Core\Leb.Core.csproj", "{0A0DB518-0D08-484E-BA04-1419D65116C8}"
EndProject
Project("{FAE04EC0-301F-11D3-BF4B-00C04F79EFBC}") = "Leb.Infrastructure", "Leb.Infrastructure\Leb.Infrastructure.csproj", "{F5BC647E-D261-4F15-8BF8-690BEE120DD1}"
EndProject
Project("{FAE04EC0-301F-11D3-BF4B-00C04F79EFBC}") = "Leb.API", "Leb.API\Leb.API.csproj", "{A96DB025-A13C-4271-9471-71A189081262}"
EndProject
Global
	GlobalSection(SolutionConfigurationPlatforms) = preSolution
		Debug|Any CPU = Debug|Any CPU
		Debug|x64 = Debug|x64
		Debug|x86 = Debug|x86
		Release|Any CPU = Release|Any CPU
		Release|x64 = Release|x64
		Release|x86 = Release|x86
	EndGlobalSection
	GlobalSection(ProjectConfigurationPlatforms) = postSolution
		{0A0DB518-0D08-484E-BA04-1419D65116C8}.Debug|Any CPU.ActiveCfg = Debug|Any CPU
		{0A0DB518-0D08-484E-BA04-1419D65116C8}.Debug|Any CPU.Build.0 = Debug|Any CPU
		{0A0DB518-0D08-484E-BA04-1419D65116C8}.Debug|x64.ActiveCfg = Debug|Any CPU
		{0A0DB518-0D08-484E-BA04-1419D65116C8}.Debug|x64.Build.0 = Debug|Any CPU
		{0A0DB518-0D08-484E-BA04-1419D65116C8}.Debug|x86.ActiveCfg = Debug|Any CPU
		{0A0DB518-0D08-484E-BA04-1419D65116C8}.Debug|x86.Build.0 = Debug|Any CPU
		{0A0DB518-0D08-484E-BA04-1419D65116C8}.Release|Any CPU.ActiveCfg = Release|Any CPU
		{0A0DB518-0D08-484E-BA04-1419D65116C8}.Release|Any CPU.Build.0 = Release|Any CPU
		{0A0DB518-0D08-484E-BA04-1419D65116C8}.Release|x64.ActiveCfg = Release|Any CPU
		{0A0DB518-0D08-484E-BA04-1419D65116C8}.Release|x64.Build.0 = Release|Any CPU
		{0A0DB518-0D08-484E-BA04-1419D65116C8}.Release|x86.ActiveCfg = Release|Any CPU
		{0A0DB518-0D08-484E-BA04-1419D65116C8}.Release|x86.Build.0 = Release|Any CPU
		{F5BC647E-D261-4F15-8BF8-690BEE120DD1}.Debug|Any CPU.ActiveCfg = Debug|Any CPU
		{F5BC647E-D261-4F15-8BF8-690BEE120DD1}.Debug|Any CPU.Build.0 = Debug|Any CPU
		{F5BC647E-D261-4F15-8BF8-690BEE120DD1}.Debug|x64.ActiveCfg = Debug|Any CPU
		{F5BC647E-D261-4F15-8BF8-690BEE120DD1}.Debug|x64.Build.0 = Debug|Any CPU
		{F5BC647E-D261-4F15-8BF8-690BEE120DD1}.Debug|x86.ActiveCfg = Debug|Any CPU
		{F5BC647E-D261-4F15-8BF8-690BEE120DD1}.Debug|x86.Build.0 = Debug|Any CPU
		{F5BC647E-D261-4F15-8BF8-690BEE120DD1}.Release|Any CPU.ActiveCfg = Release|Any CPU
		{F5BC647E-D261-4F15-8BF8-690BEE120DD1}.Release|Any CPU.Build.0 = Release|Any CPU
		{F5BC647E-D261-4F15-8BF8-690BEE120DD1}.Release|x64.ActiveCfg = Release|Any CPU
		{F5BC647E-D261-4F15-8BF8-690BEE120DD1}.Release|x64.Build.0 = Release|Any CPU
		{F5BC647E-D261-4F15-8BF8-690BEE120DD1}.Release|x86.ActiveCfg = Release|Any CPU
		{F5BC647E-D261-4F15-8BF8-690BEE120DD1}.Release|x86.Build.0 = Release|Any CPU
		{A96DB025-A13C-4271-9471-71A189081262}.Debug|Any CPU.ActiveCfg = Debug|Any CPU
		{A96DB025-A13C-4271-9471-71A189081262}.Debug|Any CPU.Build.0 = Debug|Any CPU
		{A96DB025-A13C-4271-9471-71A189081262}.Debug|x64.ActiveCfg = Debug|Any CPU
		{A96DB025-A13C-4271-9471-71A189081262}.Debug|x64.Build.0 = Debug|Any CPU
		{A96DB025-A13C-4271-9471-71A189081262}.Debug|x86.ActiveCfg = Debug|Any CPU
		{A96DB025-A13C-4271-9471-71A189081262}.Debug|x86.Build.0 = Debug|Any CPU
		{A96DB025-A13C-4271-9471-71A189081262}.Release|Any CPU.ActiveCfg = Release|Any CPU
		{A96DB025-A13C-4271-9471-71A189081262}.Release|Any CPU.Build.0 = Release|Any CPU
		{A96DB025-A13C-4271-9471-71A189081262}.Release|x64.ActiveCfg = Release|Any CPU
		{A96DB025-A13C-4271-9471-71A189081262}.Release|x64.Build.0 = Release|Any CPU
		{A96DB025-A13C-4271-9471-71A189081262}.Release|x86.ActiveCfg = Release|Any CPU
		{A96DB025-A13C-4271-9471-71A189081262}.Release|x86.Build.0 = Release|Any CPU
	EndGlobalSection
	GlobalSection(SolutionProperties) = preSolution
		HideSolutionNode = FALSE
	EndGlobalSection
EndGlobal
